
Microsoft Visual Studio Solution File, Format Version 12.00
# Visual Studio Version 17
VisualStudioVersion = 17.8.34330.188
MinimumVisualStudioVersion = 10.0.40219.1
Project("{2150E333-8FDC-42A3-9474-1A3956D46DE8}") = "_Hosts", "_Hosts", "{FD939347-9C29-4C08-8437-F586CE1EFD1C}"
EndProject
Project("{2150E333-8FDC-42A3-9474-1A3956D46DE8}") = "Services", "Services", "{BC516AC5-AD21-47A6-B1F5-ADEFEF248254}"
EndProject
Project("{9A19103F-16F7-4668-BE54-9A1E7A4F7556}") = "NeuralNetwork.Service", "Services\NeuralNetwork.Service\NeuralNetwork.Service.csproj", "{B74D0D3F-2E67-470F-A140-3ACFDBE70793}"
EndProject
Project("{9A19103F-16F7-4668-BE54-9A1E7A4F7556}") = "NeuralNetwork.ConsoleApp", "_Hosts\NeuralNetwork.ConsoleApp\NeuralNetwork.ConsoleApp.csproj", "{41BBF259-9E6D-41BD-A4C6-B4D0F86DA37D}"
EndProject
Global
	GlobalSection(SolutionConfigurationPlatforms) = preSolution
		Debug|Any CPU = Debug|Any CPU
		Release|Any CPU = Release|Any CPU
	EndGlobalSection
	GlobalSection(ProjectConfigurationPlatforms) = postSolution
		{B74D0D3F-2E67-470F-A140-3ACFDBE70793}.Debug|Any CPU.ActiveCfg = Debug|Any CPU
		{B74D0D3F-2E67-470F-A140-3ACFDBE70793}.Debug|Any CPU.Build.0 = Debug|Any CPU
		{B74D0D3F-2E67-470F-A140-3ACFDBE70793}.Release|Any CPU.ActiveCfg = Release|Any CPU
		{B74D0D3F-2E67-470F-A140-3ACFDBE70793}.Release|Any CPU.Build.0 = Release|Any CPU
		{41BBF259-9E6D-41BD-A4C6-B4D0F86DA37D}.Debug|Any CPU.ActiveCfg = Debug|Any CPU
		{41BBF259-9E6D-41BD-A4C6-B4D0F86DA37D}.Debug|Any CPU.Build.0 = Debug|Any CPU
		{41BBF259-9E6D-41BD-A4C6-B4D0F86DA37D}.Release|Any CPU.ActiveCfg = Release|Any CPU
		{41BBF259-9E6D-41BD-A4C6-B4D0F86DA37D}.Release|Any CPU.Build.0 = Release|Any CPU
	EndGlobalSection
	GlobalSection(SolutionProperties) = preSolution
		HideSolutionNode = FALSE
	EndGlobalSection
	GlobalSection(NestedProjects) = preSolution
		{B74D0D3F-2E67-470F-A140-3ACFDBE70793} = {BC516AC5-AD21-47A6-B1F5-ADEFEF248254}
		{41BBF259-9E6D-41BD-A4C6-B4D0F86DA37D} = {FD939347-9C29-4C08-8437-F586CE1EFD1C}
	EndGlobalSection
	GlobalSection(ExtensibilityGlobals) = postSolution
		SolutionGuid = {2F5D6166-1C65-46E3-B71D-530B481363F2}
	EndGlobalSection
EndGlobal
